<?xml version="1.0" encoding="utf-8"?>
<Project ToolsVersion="4.0" xmlns="http://schemas.microsoft.com/developer/msbuild/2003">
  <ItemGroup>
    <Filter Include="Source Files">
      <UniqueIdentifier>{431f3754-6b4b-436a-82d8-2dca5db03f99}</UniqueIdentifier>
      <Extensions>cpp;c;cxx;rc;def;r;odl;idl;hpj;bat</Extensions>
    </Filter>
    <Filter Include="Header Files">
      <UniqueIdentifier>{79ae5d9f-2970-4000-9f30-5f20717592da}</UniqueIdentifier>
      <Extensions>h;hpp;hxx;hm;inl</Extensions>
    </Filter>
    <Filter Include="Resource Files">
      <UniqueIdentifier>{7a69586f-1d33-4ad7-8209-1e9aa43889fd}</UniqueIdentifier>
      <Extensions>ico;cur;bmp;dlg;rc2;rct;bin;rgs;gif;jpg;jpeg;jpe</Extensions>
    </Filter>
  </ItemGroup>
  <ItemGroup>
    <ClCompile Include="..\common\Audio.cpp">
      <Filter>Source Files</Filter>
    </ClCompile>
    <ClCompile Include="AudioDlg.cpp">
      <Filter>Source Files</Filter>
    </ClCompile>
    <ClCompile Include="BmpToAvi.cpp">
      <Filter>Source Files</Filter>
    </ClCompile>
    <ClCompile Include="control\BtnST.cpp">
      <Filter>Source Files</Filter>
    </ClCompile>
    <ClCompile Include="include\Buffer.cpp">
      <Filter>Source Files</Filter>
    </ClCompile>
    <ClCompile Include="BuildView.cpp">
      <Filter>Source Files</Filter>
    </ClCompile>
    <ClCompile Include="include\CpuUsage.cpp">
      <Filter>Source Files</Filter>
    </ClCompile>
    <ClCompile Include="CustomTabCtrl.cpp">
      <Filter>Source Files</Filter>
    </ClCompile>
    <ClCompile Include="FileManagerDlg.cpp">
      <Filter>Source Files</Filter>
    </ClCompile>
    <ClCompile Include="FileTransferModeDlg.cpp">
      <Filter>Source Files</Filter>
    </ClCompile>
    <ClCompile Include="gh0st.cpp">
      <Filter>Source Files</Filter>
    </ClCompile>
    <ClCompile Include="gh0stDoc.cpp">
      <Filter>Source Files</Filter>
    </ClCompile>
    <ClCompile Include="gh0stView.cpp">
      <Filter>Source Files</Filter>
    </ClCompile>
    <ClCompile Include="control\HoverEdit.cpp">
      <Filter>Source Files</Filter>
    </ClCompile>
    <ClCompile Include="IniFile.cpp">
      <Filter>Source Files</Filter>
    </ClCompile>
    <ClCompile Include="InputDlg.cpp">
      <Filter>Source Files</Filter>
    </ClCompile>
    <ClCompile Include="include\IOCPServer.cpp">
      <Filter>Source Files</Filter>
    </ClCompile>
    <ClCompile Include="KeyBoardDlg.cpp">
      <Filter>Source Files</Filter>
    </ClCompile>
    <ClCompile Include="MainFrm.cpp">
      <Filter>Source Files</Filter>
    </ClCompile>
    <ClCompile Include="ScreenSpyDlg.cpp">
      <Filter>Source Files</Filter>
    </ClCompile>
    <ClCompile Include="SettingsView.cpp">
      <Filter>Source Files</Filter>
    </ClCompile>
    <ClCompile Include="SEU_QQwry.cpp">
      <Filter>Source Files</Filter>
    </ClCompile>
    <ClCompile Include="ShellDlg.cpp">
      <Filter>Source Files</Filter>
    </ClCompile>
    <ClCompile Include="StdAfx.cpp">
      <Filter>Source Files</Filter>
    </ClCompile>
    <ClCompile Include="SystemDlg.cpp">
      <Filter>Source Files</Filter>
    </ClCompile>
    <ClCompile Include="TabSDIFrameWnd.cpp">
      <Filter>Source Files</Filter>
    </ClCompile>
    <ClCompile Include="ThemeUtil.cpp">
      <Filter>Source Files</Filter>
    </ClCompile>
    <ClCompile Include="TrayIcon.cpp">
      <Filter>Source Files</Filter>
    </ClCompile>
    <ClCompile Include="TrueColorToolBar.cpp">
      <Filter>Source Files</Filter>
    </ClCompile>
    <ClCompile Include="WebCamDlg.cpp">
      <Filter>Source Files</Filter>
    </ClCompile>
    <ClCompile Include="control\WinXPButtonST.cpp">
      <Filter>Source Files</Filter>
    </ClCompile>
  </ItemGroup>
  <ItemGroup>
    <ResourceCompile Include="gh0st.rc">
      <Filter>Source Files</Filter>
    </ResourceCompile>
  </ItemGroup>
  <ItemGroup>
    <ClInclude Include="AudioDlg.h">
      <Filter>Header Files</Filter>
    </ClInclude>
    <ClInclude Include="BmpToAvi.h">
      <Filter>Header Files</Filter>
    </ClInclude>
    <ClInclude Include="control\BtnST.h">
      <Filter>Header Files</Filter>
    </ClInclude>
    <ClInclude Include="include\Buffer.h">
      <Filter>Header Files</Filter>
    </ClInclude>
    <ClInclude Include="BuildView.h">
      <Filter>Header Files</Filter>
    </ClInclude>
    <ClInclude Include="CustomTabCtrl.h">
      <Filter>Header Files</Filter>
    </ClInclude>
    <ClInclude Include="encode.h">
      <Filter>Header Files</Filter>
    </ClInclude>
    <ClInclude Include="FileManagerDlg.h">
      <Filter>Header Files</Filter>
    </ClInclude>
    <ClInclude Include="FileTransferModeDlg.h">
      <Filter>Header Files</Filter>
    </ClInclude>
    <ClInclude Include="gh0st.h">
      <Filter>Header Files</Filter>
    </ClInclude>
    <ClInclude Include="gh0stDoc.h">
      <Filter>Header Files</Filter>
    </ClInclude>
    <ClInclude Include="gh0stView.h">
      <Filter>Header Files</Filter>
    </ClInclude>
    <ClInclude Include="control\HoverEdit.h">
      <Filter>Header Files</Filter>
    </ClInclude>
    <ClInclude Include="IniFile.h">
      <Filter>Header Files</Filter>
    </ClInclude>
    <ClInclude Include="include\IOCPServer.h">
      <Filter>Header Files</Filter>
    </ClInclude>
    <ClInclude Include="KeyBoardDlg.h">
      <Filter>Header Files</Filter>
    </ClInclude>
    <ClInclude Include="include\_OrzEx\list.h">
      <Filter>Header Files</Filter>
    </ClInclude>
    <ClInclude Include="include\List.h">
      <Filter>Header Files</Filter>
    </ClInclude>
    <ClInclude Include="MainFrm.h">
      <Filter>Header Files</Filter>
    </ClInclude>
    <ClInclude Include="include\_OrzEx\queue.h">
      <Filter>Header Files</Filter>
    </ClInclude>
    <ClInclude Include="include\Queue.h">
      <Filter>Header Files</Filter>
    </ClInclude>
    <ClInclude Include="Resource.h">
      <Filter>Header Files</Filter>
    </ClInclude>
    <ClInclude Include="ScreenSpyDlg.h">
      <Filter>Header Files</Filter>
    </ClInclude>
    <ClInclude Include="SettingsView.h">
      <Filter>Header Files</Filter>
    </ClInclude>
    <ClInclude Include="SEU_QQwry.h">
      <Filter>Header Files</Filter>
    </ClInclude>
    <ClInclude Include="ShellDlg.h">
      <Filter>Header Files</Filter>
    </ClInclude>
    <ClInclude Include="StdAfx.h">
      <Filter>Header Files</Filter>
    </ClInclude>
    <ClInclude Include="include\_OrzEx\syncobj.h">
      <Filter>Header Files</Filter>
    </ClInclude>
    <ClInclude Include="SystemDlg.h">
      <Filter>Header Files</Filter>
    </ClInclude>
    <ClInclude Include="TabSDIFrameWnd.h">
      <Filter>Header Files</Filter>
    </ClInclude>
    <ClInclude Include="ThemeUtil.h">
      <Filter>Header Files</Filter>
    </ClInclude>
    <ClInclude Include="Tmschema.h">
      <Filter>Header Files</Filter>
    </ClInclude>
    <ClInclude Include="TrayIcon.h">
      <Filter>Header Files</Filter>
    </ClInclude>
    <ClInclude Include="TrueColorToolBar.h">
      <Filter>Header Files</Filter>
    </ClInclude>
    <ClInclude Include="WebCamDlg.h">
      <Filter>Header Files</Filter>
    </ClInclude>
    <ClInclude Include="control\WinXPButtonST.h">
      <Filter>Header Files</Filter>
    </ClInclude>
  </ItemGroup>
  <ItemGroup>
    <CustomBuild Include="res\1.cur">
      <Filter>Resource Files</Filter>
    </CustomBuild>
    <CustomBuild Include="res\2.cur">
      <Filter>Resource Files</Filter>
    </CustomBuild>
    <CustomBuild Include="res\3.cur">
      <Filter>Resource Files</Filter>
    </CustomBuild>
    <CustomBuild Include="res\4.cur">
      <Filter>Resource Files</Filter>
    </CustomBuild>
    <CustomBuild Include="res\audio.ico">
      <Filter>Resource Files</Filter>
    </CustomBuild>
    <CustomBuild Include="res\Bitmap_4.bmp">
      <Filter>Resource Files</Filter>
    </CustomBuild>
    <CustomBuild Include="res\Bitmap_5.bmp">
      <Filter>Resource Files</Filter>
    </CustomBuild>
    <CustomBuild Include="res\cmdshell.ico">
      <Filter>Resource Files</Filter>
    </CustomBuild>
    <CustomBuild Include="res\dot.cur">
      <Filter>Resource Files</Filter>
    </CustomBuild>
    <CustomBuild Include="res\gh0st.ico">
      <Filter>Resource Files</Filter>
    </CustomBuild>
    <CustomBuild Include="res\gh0st.rc2">
      <Filter>Resource Files</Filter>
    </CustomBuild>
    <CustomBuild Include="res\keyboard.ico">
      <Filter>Resource Files</Filter>
    </CustomBuild>
    <CustomBuild Include="res\system.ico">
      <Filter>Resource Files</Filter>
    </CustomBuild>
    <CustomBuild Include="res\toolbar1.bmp">
      <Filter>Resource Files</Filter>
    </CustomBuild>
    <CustomBuild Include="res\toolbar2.bmp">
      <Filter>Resource Files</Filter>
    </CustomBuild>
    <CustomBuild Include="res\webcam.ico">
      <Filter>Resource Files</Filter>
    </CustomBuild>
    <CustomBuild Include="res\install.exe" />
    <CustomBuild Include="ReadMe.txt" />
  </ItemGroup>
</Project>